
Microsoft Visual Studio Solution File, Format Version 12.00
# Visual Studio 15
VisualStudioVersion = 15.0.33026.149
MinimumVisualStudioVersion = 10.0.40219.1
Project("{FAE04EC0-301F-11D3-BF4B-00C04F79EFBC}") = "WebApplication13", "WebApplication13\WebApplication13.csproj", "{7B831EB0-9B3E-407B-9E62-6B4B2452A250}"
EndProject
Global
	GlobalSection(SolutionConfigurationPlatforms) = preSolution
		Debug|Any CPU = Debug|Any CPU
		Release|Any CPU = Release|Any CPU
	EndGlobalSection
	GlobalSection(ProjectConfigurationPlatforms) = postSolution
		{7B831EB0-9B3E-407B-9E62-6B4B2452A250}.Debug|Any CPU.ActiveCfg = Debug|Any CPU
		{7B831EB0-9B3E-407B-9E62-6B4B2452A250}.Debug|Any CPU.Build.0 = Debug|Any CPU
		{7B831EB0-9B3E-407B-9E62-6B4B2452A250}.Release|Any CPU.ActiveCfg = Release|Any CPU
		{7B831EB0-9B3E-407B-9E62-6B4B2452A250}.Release|Any CPU.Build.0 = Release|Any CPU
	EndGlobalSection
	GlobalSection(SolutionProperties) = preSolution
		HideSolutionNode = FALSE
	EndGlobalSection
	GlobalSection(ExtensibilityGlobals) = postSolution
		SolutionGuid = {7B96980F-F713-4A3A-9594-2DDA27930D1C}
	EndGlobalSection
EndGlobal
